
Microsoft Visual Studio Solution File, Format Version 12.00
# Visual Studio Version 17
VisualStudioVersion = 17.13.35818.85
MinimumVisualStudioVersion = 10.0.40219.1
Project("{8BC9CEB8-8B4A-11D0-8D11-00A0C91BC942}") = "Core", "Core\Core.vcxproj", "{193009B2-EE2D-4D89-8DC0-B667EA7AEEE1}"
EndProject
Project("{8BC9CEB8-8B4A-11D0-8D11-00A0C91BC942}") = "Logger", "Logger\Logger.vcxproj", "{2C77209B-0B90-4C4B-B6B8-AF48E48CA216}"
EndProject
Global
	GlobalSection(SolutionConfigurationPlatforms) = preSolution
		Debug|x64 = Debug|x64
		Debug|x86 = Debug|x86
		Release|x64 = Release|x64
		Release|x86 = Release|x86
	EndGlobalSection
	GlobalSection(ProjectConfigurationPlatforms) = postSolution
		{193009B2-EE2D-4D89-8DC0-B667EA7AEEE1}.Debug|x64.ActiveCfg = Debug|x64
		{193009B2-EE2D-4D89-8DC0-B667EA7AEEE1}.Debug|x64.Build.0 = Debug|x64
		{193009B2-EE2D-4D89-8DC0-B667EA7AEEE1}.Debug|x86.ActiveCfg = Debug|Win32
		{193009B2-EE2D-4D89-8DC0-B667EA7AEEE1}.Debug|x86.Build.0 = Debug|Win32
		{193009B2-EE2D-4D89-8DC0-B667EA7AEEE1}.Release|x64.ActiveCfg = Release|x64
		{193009B2-EE2D-4D89-8DC0-B667EA7AEEE1}.Release|x64.Build.0 = Release|x64
		{193009B2-EE2D-4D89-8DC0-B667EA7AEEE1}.Release|x86.ActiveCfg = Release|Win32
		{193009B2-EE2D-4D89-8DC0-B667EA7AEEE1}.Release|x86.Build.0 = Release|Win32
		{2C77209B-0B90-4C4B-B6B8-AF48E48CA216}.Debug|x64.ActiveCfg = Debug|x64
		{2C77209B-0B90-4C4B-B6B8-AF48E48CA216}.Debug|x64.Build.0 = Debug|x64
		{2C77209B-0B90-4C4B-B6B8-AF48E48CA216}.Debug|x86.ActiveCfg = Debug|Win32
		{2C77209B-0B90-4C4B-B6B8-AF48E48CA216}.Debug|x86.Build.0 = Debug|Win32
		{2C77209B-0B90-4C4B-B6B8-AF48E48CA216}.Release|x64.ActiveCfg = Release|x64
		{2C77209B-0B90-4C4B-B6B8-AF48E48CA216}.Release|x64.Build.0 = Release|x64
		{2C77209B-0B90-4C4B-B6B8-AF48E48CA216}.Release|x86.ActiveCfg = Release|Win32
		{2C77209B-0B90-4C4B-B6B8-AF48E48CA216}.Release|x86.Build.0 = Release|Win32
	EndGlobalSection
	GlobalSection(SolutionProperties) = preSolution
		HideSolutionNode = FALSE
	EndGlobalSection
	GlobalSection(ExtensibilityGlobals) = postSolution
		SolutionGuid = {BD00AB15-51F6-4A31-A389-3ACAB8A563A2}
	EndGlobalSection
EndGlobal
