<?xml version="1.0" encoding="utf-8"?>
<Project ToolsVersion="4.0" xmlns="http://schemas.microsoft.com/developer/msbuild/2003">
  <ItemGroup>
    <ClCompile Include="Common\src\Function.cpp" />
    <ClCompile Include="src\Main.cpp" />
    <ClCompile Include="Common\src\system_info.cpp" />
    <ClCompile Include="Utils\src\ProgressManager.cpp" />
    <ClCompile Include="Utils\src\woolang.cpp" />
    <ClCompile Include="Utils\src\MioReader.cpp" />
  </ItemGroup>
  <ItemGroup>
    <ClInclude Include="Common\Function.h" />
    <ClInclude Include="Common\SingletonData.hpp" />
    <ClInclude Include="Common\system_info.h" />
    <ClInclude Include="Utils\ProgressManager.h" />
    <ClInclude Include="Utils\MioReader.h" />
  </ItemGroup>
</Project>